
Microsoft Visual Studio Solution File, Format Version 12.00
# Visual Studio 15
VisualStudioVersion = 15.0.27703.2042
MinimumVisualStudioVersion = 10.0.40219.1
Project("{FAE04EC0-301F-11D3-BF4B-00C04F79EFBC}") = "ConsoleApp1", "ConsoleApp1\ConsoleApp1.csproj", "{72AABB83-D741-45FC-9720-3E275F66B61D}"
EndProject
Global
	GlobalSection(SolutionConfigurationPlatforms) = preSolution
		Debug|Any CPU = Debug|Any CPU
		Release|Any CPU = Release|Any CPU
	EndGlobalSection
	GlobalSection(ProjectConfigurationPlatforms) = postSolution
		{72AABB83-D741-45FC-9720-3E275F66B61D}.Debug|Any CPU.ActiveCfg = Debug|Any CPU
		{72AABB83-D741-45FC-9720-3E275F66B61D}.Debug|Any CPU.Build.0 = Debug|Any CPU
		{72AABB83-D741-45FC-9720-3E275F66B61D}.Release|Any CPU.ActiveCfg = Release|Any CPU
		{72AABB83-D741-45FC-9720-3E275F66B61D}.Release|Any CPU.Build.0 = Release|Any CPU
	EndGlobalSection
	GlobalSection(SolutionProperties) = preSolution
		HideSolutionNode = FALSE
	EndGlobalSection
	GlobalSection(ExtensibilityGlobals) = postSolution
		SolutionGuid = {831CC8CE-3989-45F4-AE82-A693E533054C}
	EndGlobalSection
EndGlobal
